// !$*UTF8*$!
{
	archiveVersion = 1;
	classes = {
	};
	objectVersion = 46;
	objects = {

/* Begin PBXAggregateTarget section */
		"AoC-2020::AoC-2020PackageTests::ProductTarget" /* AoC-2020PackageTests */ = {
			isa = PBXAggregateTarget;
			buildConfigurationList = OBJ_38 /* Build configuration list for PBXAggregateTarget "AoC-2020PackageTests" */;
			buildPhases = (
			);
			dependencies = (
				OBJ_41 /* PBXTargetDependency */,
			);
			name = "AoC-2020PackageTests";
			productName = "AoC-2020PackageTests";
		};
/* End PBXAggregateTarget section */

/* Begin PBXBuildFile section */
		2723B0A0257C1D5500F61E4E /* Day1.swift in Sources */ = {isa = PBXBuildFile; fileRef = 2723B09F257C1D5500F61E4E /* Day1.swift */; };
		2723B0A3257C236D00F61E4E /* Day2.swift in Sources */ = {isa = PBXBuildFile; fileRef = 2723B0A2257C236D00F61E4E /* Day2.swift */; };
		2725D7A02580F06D0079E7FA /* main.swift in Sources */ = {isa = PBXBuildFile; fileRef = OBJ_9 /* main.swift */; };
		2725D7A22580F06D0079E7FA /* AoC2020Kit.framework in Frameworks */ = {isa = PBXBuildFile; fileRef = "AoC-2020::AoC2020Kit::Product" /* AoC2020Kit.framework */; };
		27685B02257C295100F02434 /* Day6.swift in Sources */ = {isa = PBXBuildFile; fileRef = 27685B01257C295100F02434 /* Day6.swift */; };
		27685B06257CD2F900F02434 /* Day7.swift in Sources */ = {isa = PBXBuildFile; fileRef = 27685B05257CD2F900F02434 /* Day7.swift */; };
		27685B0A257ECBC600F02434 /* Day8.swift in Sources */ = {isa = PBXBuildFile; fileRef = 27685B09257ECBC600F02434 /* Day8.swift */; };
		27685B0F2580AE7700F02434 /* Day9.swift in Sources */ = {isa = PBXBuildFile; fileRef = 27685B0E2580AE7600F02434 /* Day9.swift */; };
		BE589834257A4BB5005AE633 /* ExtensionTests.swift in Sources */ = {isa = PBXBuildFile; fileRef = BE589833257A4BB5005AE633 /* ExtensionTests.swift */; };
		BE58983B257A7450005AE633 /* Day5.swift in Sources */ = {isa = PBXBuildFile; fileRef = BE58983A257A7450005AE633 /* Day5.swift */; };
		BE6177F925792EB200016CA3 /* Day.swift in Sources */ = {isa = PBXBuildFile; fileRef = BE6177F825792EB200016CA3 /* Day.swift */; };
		BE617805257932B400016CA3 /* Day4.swift in Sources */ = {isa = PBXBuildFile; fileRef = BE617804257932B400016CA3 /* Day4.swift */; };
		OBJ_26 /* main.swift in Sources */ = {isa = PBXBuildFile; fileRef = OBJ_9 /* main.swift */; };
		OBJ_28 /* AoC2020Kit.framework in Frameworks */ = {isa = PBXBuildFile; fileRef = "AoC-2020::AoC2020Kit::Product" /* AoC2020Kit.framework */; };
		OBJ_36 /* Package.swift in Sources */ = {isa = PBXBuildFile; fileRef = OBJ_6 /* Package.swift */; };
		OBJ_47 /* Day3.swift in Sources */ = {isa = PBXBuildFile; fileRef = OBJ_11 /* Day3.swift */; };
		OBJ_53 /* AoC_2020Tests.swift in Sources */ = {isa = PBXBuildFile; fileRef = OBJ_14 /* AoC_2020Tests.swift */; };
		OBJ_54 /* XCTestManifests.swift in Sources */ = {isa = PBXBuildFile; fileRef = OBJ_15 /* XCTestManifests.swift */; };
		OBJ_56 /* AoC2020Kit.framework in Frameworks */ = {isa = PBXBuildFile; fileRef = "AoC-2020::AoC2020Kit::Product" /* AoC2020Kit.framework */; };
/* End PBXBuildFile section */

/* Begin PBXContainerItemProxy section */
		2725D79E2580F06D0079E7FA /* PBXContainerItemProxy */ = {
			isa = PBXContainerItemProxy;
			containerPortal = OBJ_1 /* Project object */;
			proxyType = 1;
			remoteGlobalIDString = "AoC-2020::AoC2020Kit";
			remoteInfo = AoC2020Kit;
		};
		BE6177CB257902E300016CA3 /* PBXContainerItemProxy */ = {
			isa = PBXContainerItemProxy;
			containerPortal = OBJ_1 /* Project object */;
			proxyType = 1;
			remoteGlobalIDString = "AoC-2020::AoC2020Kit";
			remoteInfo = AoC2020Kit;
		};
		BE6177CC257902E300016CA3 /* PBXContainerItemProxy */ = {
			isa = PBXContainerItemProxy;
			containerPortal = OBJ_1 /* Project object */;
			proxyType = 1;
			remoteGlobalIDString = "AoC-2020::AoC2020Kit";
			remoteInfo = AoC2020Kit;
		};
		BE6177CF257902E400016CA3 /* PBXContainerItemProxy */ = {
			isa = PBXContainerItemProxy;
			containerPortal = OBJ_1 /* Project object */;
			proxyType = 1;
			remoteGlobalIDString = "AoC-2020::AoC2020KitTests";
			remoteInfo = AoC2020KitTests;
		};
/* End PBXContainerItemProxy section */

/* Begin PBXFileReference section */
		2723B09E257C1D3E00F61E4E /* day1.txt */ = {isa = PBXFileReference; lastKnownFileType = text; path = day1.txt; sourceTree = "<group>"; };
		2723B09F257C1D5500F61E4E /* Day1.swift */ = {isa = PBXFileReference; lastKnownFileType = sourcecode.swift; path = Day1.swift; sourceTree = "<group>"; };
		2723B0A1257C235500F61E4E /* day2.txt */ = {isa = PBXFileReference; lastKnownFileType = text; path = day2.txt; sourceTree = "<group>"; };
		2723B0A2257C236D00F61E4E /* Day2.swift */ = {isa = PBXFileReference; lastKnownFileType = sourcecode.swift; path = Day2.swift; sourceTree = "<group>"; };
		2725D7A62580F06D0079E7FA /* AoC-2020 */ = {isa = PBXFileReference; explicitFileType = "compiled.mach-o.executable"; includeInIndex = 0; path = "AoC-2020"; sourceTree = BUILT_PRODUCTS_DIR; };
		27685B01257C295100F02434 /* Day6.swift */ = {isa = PBXFileReference; lastKnownFileType = sourcecode.swift; path = Day6.swift; sourceTree = "<group>"; };
		27685B04257C29AF00F02434 /* day6.txt */ = {isa = PBXFileReference; fileEncoding = 4; lastKnownFileType = text; path = day6.txt; sourceTree = "<group>"; };
		27685B05257CD2F900F02434 /* Day7.swift */ = {isa = PBXFileReference; lastKnownFileType = sourcecode.swift; path = Day7.swift; sourceTree = "<group>"; };
		27685B08257CD33C00F02434 /* day7.txt */ = {isa = PBXFileReference; fileEncoding = 4; lastKnownFileType = text; path = day7.txt; sourceTree = "<group>"; };
		27685B09257ECBC600F02434 /* Day8.swift */ = {isa = PBXFileReference; lastKnownFileType = sourcecode.swift; path = Day8.swift; sourceTree = "<group>"; };
		27685B0C257ECC1800F02434 /* day8.txt */ = {isa = PBXFileReference; lastKnownFileType = text; path = day8.txt; sourceTree = "<group>"; };
		27685B0E2580AE7600F02434 /* Day9.swift */ = {isa = PBXFileReference; lastKnownFileType = sourcecode.swift; path = Day9.swift; sourceTree = "<group>"; };
		27685B112580AEB800F02434 /* day9.txt */ = {isa = PBXFileReference; lastKnownFileType = text; path = day9.txt; sourceTree = "<group>"; };
		"AoC-2020::AoC-2020::Product" /* AoC-2020 */ = {isa = PBXFileReference; lastKnownFileType = text; path = "AoC-2020"; sourceTree = BUILT_PRODUCTS_DIR; };
		"AoC-2020::AoC2020Kit::Product" /* AoC2020Kit.framework */ = {isa = PBXFileReference; lastKnownFileType = wrapper.framework; path = AoC2020Kit.framework; sourceTree = BUILT_PRODUCTS_DIR; };
		"AoC-2020::AoC2020KitTests::Product" /* AoC2020KitTests.xctest */ = {isa = PBXFileReference; lastKnownFileType = file; path = AoC2020KitTests.xctest; sourceTree = BUILT_PRODUCTS_DIR; };
		BE589833257A4BB5005AE633 /* ExtensionTests.swift */ = {isa = PBXFileReference; lastKnownFileType = sourcecode.swift; path = ExtensionTests.swift; sourceTree = "<group>"; };
		BE58983A257A7450005AE633 /* Day5.swift */ = {isa = PBXFileReference; lastKnownFileType = sourcecode.swift; path = Day5.swift; sourceTree = "<group>"; };
		BE58984B257A7644005AE633 /* day5.txt */ = {isa = PBXFileReference; lastKnownFileType = text; path = day5.txt; sourceTree = "<group>"; };
		BE6177EC2579291500016CA3 /* day3.txt */ = {isa = PBXFileReference; lastKnownFileType = text; path = day3.txt; sourceTree = "<group>"; };
		BE6177F825792EB200016CA3 /* Day.swift */ = {isa = PBXFileReference; lastKnownFileType = sourcecode.swift; path = Day.swift; sourceTree = "<group>"; };
		BE617804257932B400016CA3 /* Day4.swift */ = {isa = PBXFileReference; lastKnownFileType = sourcecode.swift; path = Day4.swift; sourceTree = "<group>"; };
		BE6178152579336F00016CA3 /* day4.txt */ = {isa = PBXFileReference; lastKnownFileType = text; path = day4.txt; sourceTree = "<group>"; };
		OBJ_11 /* Day3.swift */ = {isa = PBXFileReference; lastKnownFileType = sourcecode.swift; path = Day3.swift; sourceTree = "<group>"; };
		OBJ_14 /* AoC_2020Tests.swift */ = {isa = PBXFileReference; lastKnownFileType = sourcecode.swift; path = AoC_2020Tests.swift; sourceTree = "<group>"; };
		OBJ_15 /* XCTestManifests.swift */ = {isa = PBXFileReference; lastKnownFileType = sourcecode.swift; path = XCTestManifests.swift; sourceTree = "<group>"; };
		OBJ_20 /* README.md */ = {isa = PBXFileReference; lastKnownFileType = net.daringfireball.markdown; path = README.md; sourceTree = "<group>"; };
		OBJ_6 /* Package.swift */ = {isa = PBXFileReference; explicitFileType = sourcecode.swift; path = Package.swift; sourceTree = "<group>"; };
		OBJ_9 /* main.swift */ = {isa = PBXFileReference; lastKnownFileType = sourcecode.swift; path = main.swift; sourceTree = "<group>"; };
/* End PBXFileReference section */

/* Begin PBXFrameworksBuildPhase section */
		2725D7A12580F06D0079E7FA /* Frameworks */ = {
			isa = PBXFrameworksBuildPhase;
			buildActionMask = 0;
			files = (
				2725D7A22580F06D0079E7FA /* AoC2020Kit.framework in Frameworks */,
			);
			runOnlyForDeploymentPostprocessing = 0;
		};
		OBJ_27 /* Frameworks */ = {
			isa = PBXFrameworksBuildPhase;
			buildActionMask = 0;
			files = (
				OBJ_28 /* AoC2020Kit.framework in Frameworks */,
			);
			runOnlyForDeploymentPostprocessing = 0;
		};
		OBJ_48 /* Frameworks */ = {
			isa = PBXFrameworksBuildPhase;
			buildActionMask = 0;
			files = (
			);
			runOnlyForDeploymentPostprocessing = 0;
		};
		OBJ_55 /* Frameworks */ = {
			isa = PBXFrameworksBuildPhase;
			buildActionMask = 0;
			files = (
				OBJ_56 /* AoC2020Kit.framework in Frameworks */,
			);
			runOnlyForDeploymentPostprocessing = 0;
		};
/* End PBXFrameworksBuildPhase section */

/* Begin PBXGroup section */
		BE6177EB2579290100016CA3 /* Input */ = {
			isa = PBXGroup;
			children = (
				2723B09E257C1D3E00F61E4E /* day1.txt */,
				2723B0A1257C235500F61E4E /* day2.txt */,
				BE6177EC2579291500016CA3 /* day3.txt */,
				BE6178152579336F00016CA3 /* day4.txt */,
				BE58984B257A7644005AE633 /* day5.txt */,
				27685B04257C29AF00F02434 /* day6.txt */,
				27685B08257CD33C00F02434 /* day7.txt */,
				27685B0C257ECC1800F02434 /* day8.txt */,
				27685B112580AEB800F02434 /* day9.txt */,
			);
			path = Input;
			sourceTree = "<group>";
		};
		OBJ_10 /* AoC2020Kit */ = {
			isa = PBXGroup;
			children = (
				BE6177F825792EB200016CA3 /* Day.swift */,
				2723B09F257C1D5500F61E4E /* Day1.swift */,
				2723B0A2257C236D00F61E4E /* Day2.swift */,
				OBJ_11 /* Day3.swift */,
				BE617804257932B400016CA3 /* Day4.swift */,
				BE58983A257A7450005AE633 /* Day5.swift */,
				27685B01257C295100F02434 /* Day6.swift */,
				27685B05257CD2F900F02434 /* Day7.swift */,
				27685B09257ECBC600F02434 /* Day8.swift */,
				27685B0E2580AE7600F02434 /* Day9.swift */,
			);
			name = AoC2020Kit;
			path = Sources/AoC2020Kit;
			sourceTree = SOURCE_ROOT;
		};
		OBJ_12 /* Tests */ = {
			isa = PBXGroup;
			children = (
				OBJ_13 /* AoC2020KitTests */,
			);
			name = Tests;
			sourceTree = SOURCE_ROOT;
		};
		OBJ_13 /* AoC2020KitTests */ = {
			isa = PBXGroup;
			children = (
				OBJ_14 /* AoC_2020Tests.swift */,
				OBJ_15 /* XCTestManifests.swift */,
				BE589833257A4BB5005AE633 /* ExtensionTests.swift */,
			);
			name = AoC2020KitTests;
			path = Tests/AoC2020KitTests;
			sourceTree = SOURCE_ROOT;
		};
		OBJ_16 /* Products */ = {
			isa = PBXGroup;
			children = (
				"AoC-2020::AoC2020Kit::Product" /* AoC2020Kit.framework */,
				"AoC-2020::AoC2020KitTests::Product" /* AoC2020KitTests.xctest */,
				"AoC-2020::AoC-2020::Product" /* AoC-2020 */,
				2725D7A62580F06D0079E7FA /* AoC-2020 */,
			);
			name = Products;
			sourceTree = BUILT_PRODUCTS_DIR;
		};
		OBJ_5 = {
			isa = PBXGroup;
			children = (
				OBJ_6 /* Package.swift */,
				OBJ_20 /* README.md */,
				OBJ_7 /* Sources */,
				BE6177EB2579290100016CA3 /* Input */,
				OBJ_12 /* Tests */,
				OBJ_16 /* Products */,
			);
			sourceTree = "<group>";
		};
		OBJ_7 /* Sources */ = {
			isa = PBXGroup;
			children = (
				OBJ_8 /* AoC-2020 */,
				OBJ_10 /* AoC2020Kit */,
			);
			name = Sources;
			sourceTree = SOURCE_ROOT;
		};
		OBJ_8 /* AoC-2020 */ = {
			isa = PBXGroup;
			children = (
				OBJ_9 /* main.swift */,
			);
			name = "AoC-2020";
			path = "Sources/AoC-2020";
			sourceTree = SOURCE_ROOT;
		};
/* End PBXGroup section */

/* Begin PBXNativeTarget section */
		2725D79C2580F06D0079E7FA /* AoC-2020-release */ = {
			isa = PBXNativeTarget;
			buildConfigurationList = 2725D7A32580F06D0079E7FA /* Build configuration list for PBXNativeTarget "AoC-2020-release" */;
			buildPhases = (
				2725D79F2580F06D0079E7FA /* Sources */,
				2725D7A12580F06D0079E7FA /* Frameworks */,
			);
			buildRules = (
			);
			dependencies = (
				2725D79D2580F06D0079E7FA /* PBXTargetDependency */,
			);
			name = "AoC-2020-release";
			productName = AoC_2020;
			productReference = 2725D7A62580F06D0079E7FA /* AoC-2020 */;
			productType = "com.apple.product-type.tool";
		};
		"AoC-2020::AoC-2020" /* AoC-2020 */ = {
			isa = PBXNativeTarget;
			buildConfigurationList = OBJ_22 /* Build configuration list for PBXNativeTarget "AoC-2020" */;
			buildPhases = (
				OBJ_25 /* Sources */,
				OBJ_27 /* Frameworks */,
			);
			buildRules = (
			);
			dependencies = (
				OBJ_29 /* PBXTargetDependency */,
			);
			name = "AoC-2020";
			productName = AoC_2020;
			productReference = "AoC-2020::AoC-2020::Product" /* AoC-2020 */;
			productType = "com.apple.product-type.tool";
		};
		"AoC-2020::AoC2020Kit" /* AoC2020Kit */ = {
			isa = PBXNativeTarget;
			buildConfigurationList = OBJ_43 /* Build configuration list for PBXNativeTarget "AoC2020Kit" */;
			buildPhases = (
				OBJ_46 /* Sources */,
				OBJ_48 /* Frameworks */,
			);
			buildRules = (
			);
			dependencies = (
			);
			name = AoC2020Kit;
			productName = AoC2020Kit;
			productReference = "AoC-2020::AoC2020Kit::Product" /* AoC2020Kit.framework */;
			productType = "com.apple.product-type.framework";
		};
		"AoC-2020::AoC2020KitTests" /* AoC2020KitTests */ = {
			isa = PBXNativeTarget;
			buildConfigurationList = OBJ_49 /* Build configuration list for PBXNativeTarget "AoC2020KitTests" */;
			buildPhases = (
				OBJ_52 /* Sources */,
				OBJ_55 /* Frameworks */,
			);
			buildRules = (
			);
			dependencies = (
				OBJ_57 /* PBXTargetDependency */,
			);
			name = AoC2020KitTests;
			productName = AoC2020KitTests;
			productReference = "AoC-2020::AoC2020KitTests::Product" /* AoC2020KitTests.xctest */;
			productType = "com.apple.product-type.bundle.unit-test";
		};
		"AoC-2020::SwiftPMPackageDescription" /* AoC-2020PackageDescription */ = {
			isa = PBXNativeTarget;
			buildConfigurationList = OBJ_32 /* Build configuration list for PBXNativeTarget "AoC-2020PackageDescription" */;
			buildPhases = (
				OBJ_35 /* Sources */,
			);
			buildRules = (
			);
			dependencies = (
			);
			name = "AoC-2020PackageDescription";
			productName = "AoC-2020PackageDescription";
			productType = "com.apple.product-type.framework";
		};
/* End PBXNativeTarget section */

/* Begin PBXProject section */
		OBJ_1 /* Project object */ = {
			isa = PBXProject;
			attributes = {
				LastSwiftMigration = 9999;
				LastUpgradeCheck = 9999;
			};
			buildConfigurationList = OBJ_2 /* Build configuration list for PBXProject "AoC-2020" */;
			compatibilityVersion = "Xcode 3.2";
			developmentRegion = en;
			hasScannedForEncodings = 0;
			knownRegions = (
				en,
			);
			mainGroup = OBJ_5;
			productRefGroup = OBJ_16 /* Products */;
			projectDirPath = "";
			projectRoot = "";
			targets = (
				"AoC-2020::AoC-2020" /* AoC-2020 */,
				2725D79C2580F06D0079E7FA /* AoC-2020-release */,
				"AoC-2020::SwiftPMPackageDescription" /* AoC-2020PackageDescription */,
				"AoC-2020::AoC-2020PackageTests::ProductTarget" /* AoC-2020PackageTests */,
				"AoC-2020::AoC2020Kit" /* AoC2020Kit */,
				"AoC-2020::AoC2020KitTests" /* AoC2020KitTests */,
			);
		};
/* End PBXProject section */

/* Begin PBXSourcesBuildPhase section */
		2725D79F2580F06D0079E7FA /* Sources */ = {
			isa = PBXSourcesBuildPhase;
			buildActionMask = 0;
			files = (
				2725D7A02580F06D0079E7FA /* main.swift in Sources */,
			);
			runOnlyForDeploymentPostprocessing = 0;
		};
		OBJ_25 /* Sources */ = {
			isa = PBXSourcesBuildPhase;
			buildActionMask = 0;
			files = (
				OBJ_26 /* main.swift in Sources */,
			);
			runOnlyForDeploymentPostprocessing = 0;
		};
		OBJ_35 /* Sources */ = {
			isa = PBXSourcesBuildPhase;
			buildActionMask = 0;
			files = (
				OBJ_36 /* Package.swift in Sources */,
			);
			runOnlyForDeploymentPostprocessing = 0;
		};
		OBJ_46 /* Sources */ = {
			isa = PBXSourcesBuildPhase;
			buildActionMask = 0;
			files = (
				BE6177F925792EB200016CA3 /* Day.swift in Sources */,
				27685B0A257ECBC600F02434 /* Day8.swift in Sources */,
				27685B06257CD2F900F02434 /* Day7.swift in Sources */,
				27685B0F2580AE7700F02434 /* Day9.swift in Sources */,
				BE617805257932B400016CA3 /* Day4.swift in Sources */,
				27685B02257C295100F02434 /* Day6.swift in Sources */,
				2723B0A0257C1D5500F61E4E /* Day1.swift in Sources */,
				OBJ_47 /* Day3.swift in Sources */,
				2723B0A3257C236D00F61E4E /* Day2.swift in Sources */,
				BE58983B257A7450005AE633 /* Day5.swift in Sources */,
			);
			runOnlyForDeploymentPostprocessing = 0;
		};
		OBJ_52 /* Sources */ = {
			isa = PBXSourcesBuildPhase;
			buildActionMask = 0;
			files = (
				BE589834257A4BB5005AE633 /* ExtensionTests.swift in Sources */,
				OBJ_53 /* AoC_2020Tests.swift in Sources */,
				OBJ_54 /* XCTestManifests.swift in Sources */,
			);
			runOnlyForDeploymentPostprocessing = 0;
		};
/* End PBXSourcesBuildPhase section */

/* Begin PBXTargetDependency section */
		2725D79D2580F06D0079E7FA /* PBXTargetDependency */ = {
			isa = PBXTargetDependency;
			target = "AoC-2020::AoC2020Kit" /* AoC2020Kit */;
			targetProxy = 2725D79E2580F06D0079E7FA /* PBXContainerItemProxy */;
		};
		OBJ_29 /* PBXTargetDependency */ = {
			isa = PBXTargetDependency;
			target = "AoC-2020::AoC2020Kit" /* AoC2020Kit */;
			targetProxy = BE6177CB257902E300016CA3 /* PBXContainerItemProxy */;
		};
		OBJ_41 /* PBXTargetDependency */ = {
			isa = PBXTargetDependency;
			target = "AoC-2020::AoC2020KitTests" /* AoC2020KitTests */;
			targetProxy = BE6177CF257902E400016CA3 /* PBXContainerItemProxy */;
		};
		OBJ_57 /* PBXTargetDependency */ = {
			isa = PBXTargetDependency;
			target = "AoC-2020::AoC2020Kit" /* AoC2020Kit */;
			targetProxy = BE6177CC257902E300016CA3 /* PBXContainerItemProxy */;
		};
/* End PBXTargetDependency section */

/* Begin XCBuildConfiguration section */
		2725D7A42580F06D0079E7FA /* Debug */ = {
			isa = XCBuildConfiguration;
			buildSettings = {
				FRAMEWORK_SEARCH_PATHS = (
					"$(inherited)",
					"$(PLATFORM_DIR)/Developer/Library/Frameworks",
				);
				HEADER_SEARCH_PATHS = "$(inherited)";
				INFOPLIST_FILE = "AoC-2020 copy-Info.plist";
				IPHONEOS_DEPLOYMENT_TARGET = 9.0;
				LD_RUNPATH_SEARCH_PATHS = "$(inherited) $(TOOLCHAIN_DIR)/usr/lib/swift/macosx @executable_path";
				MACOSX_DEPLOYMENT_TARGET = 10.10;
				OTHER_CFLAGS = "$(inherited)";
				OTHER_LDFLAGS = "$(inherited)";
				OTHER_SWIFT_FLAGS = "$(inherited)";
				PRODUCT_NAME = "$(TARGET_NAME)";
				SWIFT_ACTIVE_COMPILATION_CONDITIONS = "$(inherited)";
				SWIFT_FORCE_DYNAMIC_LINK_STDLIB = YES;
				SWIFT_FORCE_STATIC_LINK_STDLIB = NO;
				SWIFT_VERSION = 5.0;
				TARGET_NAME = "AoC-2020";
				TVOS_DEPLOYMENT_TARGET = 9.0;
				WATCHOS_DEPLOYMENT_TARGET = 2.0;
			};
			name = Debug;
		};
		2725D7A52580F06D0079E7FA /* Release */ = {
			isa = XCBuildConfiguration;
			buildSettings = {
				FRAMEWORK_SEARCH_PATHS = (
					"$(inherited)",
					"$(PLATFORM_DIR)/Developer/Library/Frameworks",
				);
				HEADER_SEARCH_PATHS = "$(inherited)";
				INFOPLIST_FILE = "AoC-2020 copy-Info.plist";
				IPHONEOS_DEPLOYMENT_TARGET = 9.0;
				LD_RUNPATH_SEARCH_PATHS = "$(inherited) $(TOOLCHAIN_DIR)/usr/lib/swift/macosx @executable_path";
				MACOSX_DEPLOYMENT_TARGET = 10.10;
				OTHER_CFLAGS = "$(inherited)";
				OTHER_LDFLAGS = "$(inherited)";
				OTHER_SWIFT_FLAGS = "$(inherited)";
				PRODUCT_NAME = "$(TARGET_NAME)";
				SWIFT_ACTIVE_COMPILATION_CONDITIONS = "$(inherited)";
				SWIFT_FORCE_DYNAMIC_LINK_STDLIB = YES;
				SWIFT_FORCE_STATIC_LINK_STDLIB = NO;
				SWIFT_VERSION = 5.0;
				TARGET_NAME = "AoC-2020";
				TVOS_DEPLOYMENT_TARGET = 9.0;
				WATCHOS_DEPLOYMENT_TARGET = 2.0;
			};
			name = Release;
		};
		OBJ_23 /* Debug */ = {
			isa = XCBuildConfiguration;
			buildSettings = {
				FRAMEWORK_SEARCH_PATHS = (
					"$(inherited)",
					"$(PLATFORM_DIR)/Developer/Library/Frameworks",
				);
				HEADER_SEARCH_PATHS = "$(inherited)";
				INFOPLIST_FILE = "AoC-2020.xcodeproj/AoC_2020_Info.plist";
				IPHONEOS_DEPLOYMENT_TARGET = 9.0;
				LD_RUNPATH_SEARCH_PATHS = "$(inherited) $(TOOLCHAIN_DIR)/usr/lib/swift/macosx @executable_path";
				MACOSX_DEPLOYMENT_TARGET = 10.10;
				OTHER_CFLAGS = "$(inherited)";
				OTHER_LDFLAGS = "$(inherited)";
				OTHER_SWIFT_FLAGS = "$(inherited)";
				SWIFT_ACTIVE_COMPILATION_CONDITIONS = "$(inherited)";
				SWIFT_FORCE_DYNAMIC_LINK_STDLIB = YES;
				SWIFT_FORCE_STATIC_LINK_STDLIB = NO;
				SWIFT_VERSION = 5.0;
				TARGET_NAME = "AoC-2020";
				TVOS_DEPLOYMENT_TARGET = 9.0;
				WATCHOS_DEPLOYMENT_TARGET = 2.0;
			};
			name = Debug;
		};
		OBJ_24 /* Release */ = {
			isa = XCBuildConfiguration;
			buildSettings = {
				FRAMEWORK_SEARCH_PATHS = (
					"$(inherited)",
					"$(PLATFORM_DIR)/Developer/Library/Frameworks",
				);
				HEADER_SEARCH_PATHS = "$(inherited)";
				INFOPLIST_FILE = "AoC-2020.xcodeproj/AoC_2020_Info.plist";
				IPHONEOS_DEPLOYMENT_TARGET = 9.0;
				LD_RUNPATH_SEARCH_PATHS = "$(inherited) $(TOOLCHAIN_DIR)/usr/lib/swift/macosx @executable_path";
				MACOSX_DEPLOYMENT_TARGET = 10.10;
				OTHER_CFLAGS = "$(inherited)";
				OTHER_LDFLAGS = "$(inherited)";
				OTHER_SWIFT_FLAGS = "$(inherited)";
				SWIFT_ACTIVE_COMPILATION_CONDITIONS = "$(inherited)";
				SWIFT_FORCE_DYNAMIC_LINK_STDLIB = YES;
				SWIFT_FORCE_STATIC_LINK_STDLIB = NO;
				SWIFT_VERSION = 5.0;
				TARGET_NAME = "AoC-2020";
				TVOS_DEPLOYMENT_TARGET = 9.0;
				WATCHOS_DEPLOYMENT_TARGET = 2.0;
			};
			name = Release;
		};
		OBJ_3 /* Debug */ = {
			isa = XCBuildConfiguration;
			buildSettings = {
				CLANG_ENABLE_OBJC_ARC = YES;
				COMBINE_HIDPI_IMAGES = YES;
				COPY_PHASE_STRIP = NO;
				DEBUG_INFORMATION_FORMAT = dwarf;
				DYLIB_INSTALL_NAME_BASE = "@rpath";
				ENABLE_NS_ASSERTIONS = YES;
				GCC_OPTIMIZATION_LEVEL = 0;
				GCC_PREPROCESSOR_DEFINITIONS = (
					"$(inherited)",
					"SWIFT_PACKAGE=1",
					"DEBUG=1",
				);
				MACOSX_DEPLOYMENT_TARGET = 10.10;
				ONLY_ACTIVE_ARCH = YES;
				OTHER_SWIFT_FLAGS = "$(inherited) -DXcode";
				PRODUCT_NAME = "$(TARGET_NAME)";
				SDKROOT = macosx;
				SUPPORTED_PLATFORMS = "macosx iphoneos iphonesimulator appletvos appletvsimulator watchos watchsimulator";
				SWIFT_ACTIVE_COMPILATION_CONDITIONS = "$(inherited) SWIFT_PACKAGE DEBUG";
				SWIFT_OPTIMIZATION_LEVEL = "-Onone";
				USE_HEADERMAP = NO;
			};
			name = Debug;
		};
		OBJ_33 /* Debug */ = {
			isa = XCBuildConfiguration;
			buildSettings = {
				LD = /usr/bin/true;
				OTHER_SWIFT_FLAGS = "-swift-version 5 -I $(TOOLCHAIN_DIR)/usr/lib/swift/pm/4_2 -sdk /Applications/Xcode.app/Contents/Developer/Platforms/MacOSX.platform/Developer/SDKs/MacOSX11.0.sdk -package-description-version 5.1.0";
				SWIFT_VERSION = 5.0;
			};
			name = Debug;
		};
		OBJ_34 /* Release */ = {
			isa = XCBuildConfiguration;
			buildSettings = {
				LD = /usr/bin/true;
				OTHER_SWIFT_FLAGS = "-swift-version 5 -I $(TOOLCHAIN_DIR)/usr/lib/swift/pm/4_2 -sdk /Applications/Xcode.app/Contents/Developer/Platforms/MacOSX.platform/Developer/SDKs/MacOSX11.0.sdk -package-description-version 5.1.0";
				SWIFT_VERSION = 5.0;
			};
			name = Release;
		};
		OBJ_39 /* Debug */ = {
			isa = XCBuildConfiguration;
			buildSettings = {
			};
			name = Debug;
		};
		OBJ_4 /* Release */ = {
			isa = XCBuildConfiguration;
			buildSettings = {
				CLANG_ENABLE_OBJC_ARC = YES;
				COMBINE_HIDPI_IMAGES = YES;
				COPY_PHASE_STRIP = YES;
				DEBUG_INFORMATION_FORMAT = "dwarf-with-dsym";
				DYLIB_INSTALL_NAME_BASE = "@rpath";
				GCC_OPTIMIZATION_LEVEL = s;
				GCC_PREPROCESSOR_DEFINITIONS = (
					"$(inherited)",
					"SWIFT_PACKAGE=1",
				);
				MACOSX_DEPLOYMENT_TARGET = 10.10;
				OTHER_SWIFT_FLAGS = "$(inherited) -DXcode";
				PRODUCT_NAME = "$(TARGET_NAME)";
				SDKROOT = macosx;
				SUPPORTED_PLATFORMS = "macosx iphoneos iphonesimulator appletvos appletvsimulator watchos watchsimulator";
				SWIFT_ACTIVE_COMPILATION_CONDITIONS = "$(inherited) SWIFT_PACKAGE";
				SWIFT_OPTIMIZATION_LEVEL = "-Owholemodule";
				USE_HEADERMAP = NO;
			};
			name = Release;
		};
		OBJ_40 /* Release */ = {
			isa = XCBuildConfiguration;
			buildSettings = {
			};
			name = Release;
		};
		OBJ_44 /* Debug */ = {
			isa = XCBuildConfiguration;
			buildSettings = {
				ENABLE_TESTABILITY = YES;
				FRAMEWORK_SEARCH_PATHS = (
					"$(inherited)",
					"$(PLATFORM_DIR)/Developer/Library/Frameworks",
				);
				HEADER_SEARCH_PATHS = "$(inherited)";
				INFOPLIST_FILE = "AoC-2020.xcodeproj/AoC2020Kit_Info.plist";
				IPHONEOS_DEPLOYMENT_TARGET = 9.0;
				LD_RUNPATH_SEARCH_PATHS = "$(inherited) $(TOOLCHAIN_DIR)/usr/lib/swift/macosx";
				MACOSX_DEPLOYMENT_TARGET = 10.10;
				OTHER_CFLAGS = "$(inherited)";
				OTHER_LDFLAGS = "$(inherited)";
				OTHER_SWIFT_FLAGS = "$(inherited)";
				PRODUCT_BUNDLE_IDENTIFIER = AoC2020Kit;
				PRODUCT_MODULE_NAME = "$(TARGET_NAME:c99extidentifier)";
				PRODUCT_NAME = "$(TARGET_NAME:c99extidentifier)";
				SKIP_INSTALL = YES;
				SWIFT_ACTIVE_COMPILATION_CONDITIONS = "$(inherited)";
				SWIFT_VERSION = 5.0;
				TARGET_NAME = AoC2020Kit;
				TVOS_DEPLOYMENT_TARGET = 9.0;
				WATCHOS_DEPLOYMENT_TARGET = 2.0;
			};
			name = Debug;
		};
		OBJ_45 /* Release */ = {
			isa = XCBuildConfiguration;
			buildSettings = {
				ENABLE_TESTABILITY = YES;
				FRAMEWORK_SEARCH_PATHS = (
					"$(inherited)",
					"$(PLATFORM_DIR)/Developer/Library/Frameworks",
				);
				HEADER_SEARCH_PATHS = "$(inherited)";
				INFOPLIST_FILE = "AoC-2020.xcodeproj/AoC2020Kit_Info.plist";
				IPHONEOS_DEPLOYMENT_TARGET = 9.0;
				LD_RUNPATH_SEARCH_PATHS = "$(inherited) $(TOOLCHAIN_DIR)/usr/lib/swift/macosx";
				MACOSX_DEPLOYMENT_TARGET = 10.10;
				OTHER_CFLAGS = "$(inherited)";
				OTHER_LDFLAGS = "$(inherited)";
				OTHER_SWIFT_FLAGS = "$(inherited)";
				PRODUCT_BUNDLE_IDENTIFIER = AoC2020Kit;
				PRODUCT_MODULE_NAME = "$(TARGET_NAME:c99extidentifier)";
				PRODUCT_NAME = "$(TARGET_NAME:c99extidentifier)";
				SKIP_INSTALL = YES;
				SWIFT_ACTIVE_COMPILATION_CONDITIONS = "$(inherited)";
				SWIFT_VERSION = 5.0;
				TARGET_NAME = AoC2020Kit;
				TVOS_DEPLOYMENT_TARGET = 9.0;
				WATCHOS_DEPLOYMENT_TARGET = 2.0;
			};
			name = Release;
		};
		OBJ_50 /* Debug */ = {
			isa = XCBuildConfiguration;
			buildSettings = {
				CLANG_ENABLE_MODULES = YES;
				EMBEDDED_CONTENT_CONTAINS_SWIFT = YES;
				FRAMEWORK_SEARCH_PATHS = (
					"$(inherited)",
					"$(PLATFORM_DIR)/Developer/Library/Frameworks",
				);
				HEADER_SEARCH_PATHS = "$(inherited)";
				INFOPLIST_FILE = "AoC-2020.xcodeproj/AoC2020KitTests_Info.plist";
				IPHONEOS_DEPLOYMENT_TARGET = 14.0;
				LD_RUNPATH_SEARCH_PATHS = "$(inherited) @loader_path/../Frameworks @loader_path/Frameworks";
				MACOSX_DEPLOYMENT_TARGET = 10.15;
				OTHER_CFLAGS = "$(inherited)";
				OTHER_LDFLAGS = "$(inherited)";
				OTHER_SWIFT_FLAGS = "$(inherited)";
				SWIFT_ACTIVE_COMPILATION_CONDITIONS = "$(inherited)";
				SWIFT_VERSION = 5.0;
				TARGET_NAME = AoC2020KitTests;
				TVOS_DEPLOYMENT_TARGET = 9.0;
				WATCHOS_DEPLOYMENT_TARGET = 2.0;
			};
			name = Debug;
		};
		OBJ_51 /* Release */ = {
			isa = XCBuildConfiguration;
			buildSettings = {
				CLANG_ENABLE_MODULES = YES;
				EMBEDDED_CONTENT_CONTAINS_SWIFT = YES;
				FRAMEWORK_SEARCH_PATHS = (
					"$(inherited)",
					"$(PLATFORM_DIR)/Developer/Library/Frameworks",
				);
				HEADER_SEARCH_PATHS = "$(inherited)";
				INFOPLIST_FILE = "AoC-2020.xcodeproj/AoC2020KitTests_Info.plist";
				IPHONEOS_DEPLOYMENT_TARGET = 14.0;
				LD_RUNPATH_SEARCH_PATHS = "$(inherited) @loader_path/../Frameworks @loader_path/Frameworks";
				MACOSX_DEPLOYMENT_TARGET = 10.15;
				OTHER_CFLAGS = "$(inherited)";
				OTHER_LDFLAGS = "$(inherited)";
				OTHER_SWIFT_FLAGS = "$(inherited)";
				SWIFT_ACTIVE_COMPILATION_CONDITIONS = "$(inherited)";
				SWIFT_VERSION = 5.0;
				TARGET_NAME = AoC2020KitTests;
				TVOS_DEPLOYMENT_TARGET = 9.0;
				WATCHOS_DEPLOYMENT_TARGET = 2.0;
			};
			name = Release;
		};
/* End XCBuildConfiguration section */

/* Begin XCConfigurationList section */
		2725D7A32580F06D0079E7FA /* Build configuration list for PBXNativeTarget "AoC-2020-release" */ = {
			isa = XCConfigurationList;
			buildConfigurations = (
				2725D7A42580F06D0079E7FA /* Debug */,
				2725D7A52580F06D0079E7FA /* Release */,
			);
			defaultConfigurationIsVisible = 0;
			defaultConfigurationName = Release;
		};
		OBJ_2 /* Build configuration list for PBXProject "AoC-2020" */ = {
			isa = XCConfigurationList;
			buildConfigurations = (
				OBJ_3 /* Debug */,
				OBJ_4 /* Release */,
			);
			defaultConfigurationIsVisible = 0;
			defaultConfigurationName = Release;
		};
		OBJ_22 /* Build configuration list for PBXNativeTarget "AoC-2020" */ = {
			isa = XCConfigurationList;
			buildConfigurations = (
				OBJ_23 /* Debug */,
				OBJ_24 /* Release */,
			);
			defaultConfigurationIsVisible = 0;
			defaultConfigurationName = Release;
		};
		OBJ_32 /* Build configuration list for PBXNativeTarget "AoC-2020PackageDescription" */ = {
			isa = XCConfigurationList;
			buildConfigurations = (
				OBJ_33 /* Debug */,
				OBJ_34 /* Release */,
			);
			defaultConfigurationIsVisible = 0;
			defaultConfigurationName = Release;
		};
		OBJ_38 /* Build configuration list for PBXAggregateTarget "AoC-2020PackageTests" */ = {
			isa = XCConfigurationList;
			buildConfigurations = (
				OBJ_39 /* Debug */,
				OBJ_40 /* Release */,
			);
			defaultConfigurationIsVisible = 0;
			defaultConfigurationName = Release;
		};
		OBJ_43 /* Build configuration list for PBXNativeTarget "AoC2020Kit" */ = {
			isa = XCConfigurationList;
			buildConfigurations = (
				OBJ_44 /* Debug */,
				OBJ_45 /* Release */,
			);
			defaultConfigurationIsVisible = 0;
			defaultConfigurationName = Release;
		};
		OBJ_49 /* Build configuration list for PBXNativeTarget "AoC2020KitTests" */ = {
			isa = XCConfigurationList;
			buildConfigurations = (
				OBJ_50 /* Debug */,
				OBJ_51 /* Release */,
			);
			defaultConfigurationIsVisible = 0;
			defaultConfigurationName = Release;
		};
/* End XCConfigurationList section */
	};
	rootObject = OBJ_1 /* Project object */;
}
